// !$*UTF8*$!
{
	archiveVersion = 1;
	classes = {
	};
	objectVersion = 54;
	objects = {

/* Begin PBXBuildFile section */
		F4245F05270BA0A7000E728C /* main.swift in Sources */ = {isa = PBXBuildFile; fileRef = F4245F04270BA0A7000E728C /* main.swift */; };
		F43742802F015BD9000AD887 /* MyValidationMonitor.swift in Sources */ = {isa = PBXBuildFile; fileRef = F49AE9E3273FA4480001B4F2 /* MyValidationMonitor.swift */; };
		F49AE9E1273B1BF20001B4F2 /* MyActivityMonitor.swift in Sources */ = {isa = PBXBuildFile; fileRef = F49AE9E0273B1BF20001B4F2 /* MyActivityMonitor.swift */; };
		F4C5411F27367C9700B464DB /* SwiftSDAIcore in Frameworks */ = {isa = PBXBuildFile; productRef = F4C5411E27367C9700B464DB /* SwiftSDAIcore */; };
		F4C5412327367CAF00B464DB /* SwiftSDAIap242 in Frameworks */ = {isa = PBXBuildFile; productRef = F4C5412227367CAF00B464DB /* SwiftSDAIap242 */; };
		F4C5412727367CC700B464DB /* SwiftAP242PDMkit in Frameworks */ = {isa = PBXBuildFile; productRef = F4C5412627367CC700B464DB /* SwiftAP242PDMkit */; };
/* End PBXBuildFile section */

/* Begin PBXCopyFilesBuildPhase section */
		F4245EFF270BA0A7000E728C /* CopyFiles */ = {
			isa = PBXCopyFilesBuildPhase;
			buildActionMask = 2147483647;
			dstPath = /usr/share/man/man1/;
			dstSubfolderSpec = 0;
			files = (
			);
			runOnlyForDeploymentPostprocessing = 1;
		};
/* End PBXCopyFilesBuildPhase section */

/* Begin PBXFileReference section */
		F4245F01270BA0A7000E728C /* multipleP21ReadsSample */ = {isa = PBXFileReference; explicitFileType = "compiled.mach-o.executable"; includeInIndex = 0; path = multipleP21ReadsSample; sourceTree = BUILT_PRODUCTS_DIR; };
		F4245F04270BA0A7000E728C /* main.swift */ = {isa = PBXFileReference; lastKnownFileType = sourcecode.swift; path = main.swift; sourceTree = "<group>"; };
		F43742822F027F5B000AD887 /* output--s1-c5-214.txt */ = {isa = PBXFileReference; lastKnownFileType = text; path = "output--s1-c5-214.txt"; sourceTree = "<group>"; };
		F49AE9E0273B1BF20001B4F2 /* MyActivityMonitor.swift */ = {isa = PBXFileReference; lastKnownFileType = sourcecode.swift; path = MyActivityMonitor.swift; sourceTree = "<group>"; };
		F49AE9E3273FA4480001B4F2 /* MyValidationMonitor.swift */ = {isa = PBXFileReference; lastKnownFileType = sourcecode.swift; path = MyValidationMonitor.swift; sourceTree = "<group>"; };
		F4A35133270E4B0B0020434A /* LICENSE */ = {isa = PBXFileReference; lastKnownFileType = text; path = LICENSE; sourceTree = "<group>"; };
		F4A5172127E89F5F00D0EF23 /* SwiftAP242PDMkit */ = {isa = PBXFileReference; lastKnownFileType = folder; name = SwiftAP242PDMkit; path = ../SwiftAP242PDMkit; sourceTree = "<group>"; };
		F4A5172227E89F5F00D0EF23 /* SwiftSDAIcore */ = {isa = PBXFileReference; lastKnownFileType = folder; name = SwiftSDAIcore; path = ../SwiftSDAIcore; sourceTree = "<group>"; };
		F4C0F1512746E6A900EC7C18 /* README.md */ = {isa = PBXFileReference; lastKnownFileType = net.daringfireball.markdown; path = README.md; sourceTree = "<group>"; };
/* End PBXFileReference section */

/* Begin PBXFrameworksBuildPhase section */
		F4245EFE270BA0A7000E728C /* Frameworks */ = {
			isa = PBXFrameworksBuildPhase;
			buildActionMask = 2147483647;
			files = (
				F4C5411F27367C9700B464DB /* SwiftSDAIcore in Frameworks */,
				F4C5412727367CC700B464DB /* SwiftAP242PDMkit in Frameworks */,
				F4C5412327367CAF00B464DB /* SwiftSDAIap242 in Frameworks */,
			);
			runOnlyForDeploymentPostprocessing = 0;
		};
/* End PBXFrameworksBuildPhase section */

/* Begin PBXGroup section */
		F4245EF8270BA0A7000E728C = {
			isa = PBXGroup;
			children = (
				F4A35133270E4B0B0020434A /* LICENSE */,
				F4C0F1512746E6A900EC7C18 /* README.md */,
				F4245F03270BA0A7000E728C /* multipleP21ReadsSample */,
				F4A5172127E89F5F00D0EF23 /* SwiftAP242PDMkit */,
				F4A5172227E89F5F00D0EF23 /* SwiftSDAIcore */,
				F4245F02270BA0A7000E728C /* Products */,
			);
			sourceTree = "<group>";
		};
		F4245F02270BA0A7000E728C /* Products */ = {
			isa = PBXGroup;
			children = (
				F4245F01270BA0A7000E728C /* multipleP21ReadsSample */,
			);
			name = Products;
			sourceTree = "<group>";
		};
		F4245F03270BA0A7000E728C /* multipleP21ReadsSample */ = {
			isa = PBXGroup;
			children = (
				F43742812F027F17000AD887 /* output */,
				F4245F04270BA0A7000E728C /* main.swift */,
				F49AE9E0273B1BF20001B4F2 /* MyActivityMonitor.swift */,
				F49AE9E3273FA4480001B4F2 /* MyValidationMonitor.swift */,
			);
			path = multipleP21ReadsSample;
			sourceTree = "<group>";
		};
		F43742812F027F17000AD887 /* output */ = {
			isa = PBXGroup;
			children = (
				F43742822F027F5B000AD887 /* output--s1-c5-214.txt */,
			);
			path = output;
			sourceTree = "<group>";
		};
/* End PBXGroup section */

/* Begin PBXNativeTarget section */
		F4245F00270BA0A7000E728C /* multipleP21ReadsSample */ = {
			isa = PBXNativeTarget;
			buildConfigurationList = F4245F08270BA0A7000E728C /* Build configuration list for PBXNativeTarget "multipleP21ReadsSample" */;
			buildPhases = (
				F4245EFD270BA0A7000E728C /* Sources */,
				F4245EFE270BA0A7000E728C /* Frameworks */,
				F4245EFF270BA0A7000E728C /* CopyFiles */,
			);
			buildRules = (
			);
			dependencies = (
			);
			name = multipleP21ReadsSample;
			packageProductDependencies = (
				F4C5411E27367C9700B464DB /* SwiftSDAIcore */,
				F4C5412227367CAF00B464DB /* SwiftSDAIap242 */,
				F4C5412627367CC700B464DB /* SwiftAP242PDMkit */,
			);
			productName = multipleP21ReadsSample;
			productReference = F4245F01270BA0A7000E728C /* multipleP21ReadsSample */;
			productType = "com.apple.product-type.tool";
		};
/* End PBXNativeTarget section */

/* Begin PBXProject section */
		F4245EF9270BA0A7000E728C /* Project object */ = {
			isa = PBXProject;
			attributes = {
				BuildIndependentTargetsInParallel = YES;
				LastSwiftUpdateCheck = 1240;
				LastUpgradeCheck = 2620;
				TargetAttributes = {
					F4245F00270BA0A7000E728C = {
						CreatedOnToolsVersion = 12.4;
					};
				};
			};
			buildConfigurationList = F4245EFC270BA0A7000E728C /* Build configuration list for PBXProject "multipleP21ReadsSample" */;
			compatibilityVersion = "Xcode 9.3";
			developmentRegion = en;
			hasScannedForEncodings = 0;
			knownRegions = (
				en,
				Base,
			);
			mainGroup = F4245EF8270BA0A7000E728C;
			packageReferences = (
				F4C5411D27367C9700B464DB /* XCRemoteSwiftPackageReference "SwiftSDAIcore" */,
				F4C5412127367CAF00B464DB /* XCRemoteSwiftPackageReference "SwiftSDAIap242" */,
				F4C5412527367CC700B464DB /* XCRemoteSwiftPackageReference "SwiftAP242PDMkit" */,
			);
			productRefGroup = F4245F02270BA0A7000E728C /* Products */;
			projectDirPath = "";
			projectRoot = "";
			targets = (
				F4245F00270BA0A7000E728C /* multipleP21ReadsSample */,
			);
		};
/* End PBXProject section */

/* Begin PBXSourcesBuildPhase section */
		F4245EFD270BA0A7000E728C /* Sources */ = {
			isa = PBXSourcesBuildPhase;
			buildActionMask = 2147483647;
			files = (
				F43742802F015BD9000AD887 /* MyValidationMonitor.swift in Sources */,
				F4245F05270BA0A7000E728C /* main.swift in Sources */,
				F49AE9E1273B1BF20001B4F2 /* MyActivityMonitor.swift in Sources */,
			);
			runOnlyForDeploymentPostprocessing = 0;
		};
/* End PBXSourcesBuildPhase section */

/* Begin XCBuildConfiguration section */
		F4245F06270BA0A7000E728C /* Debug */ = {
			isa = XCBuildConfiguration;
			buildSettings = {
				ALWAYS_SEARCH_USER_PATHS = NO;
				CLANG_ANALYZER_NONNULL = YES;
				CLANG_ANALYZER_NUMBER_OBJECT_CONVERSION = YES_AGGRESSIVE;
				CLANG_CXX_LANGUAGE_STANDARD = "gnu++14";
				CLANG_CXX_LIBRARY = "libc++";
				CLANG_ENABLE_MODULES = YES;
				CLANG_ENABLE_OBJC_ARC = YES;
				CLANG_ENABLE_OBJC_WEAK = YES;
				CLANG_WARN_BLOCK_CAPTURE_AUTORELEASING = YES;
				CLANG_WARN_BOOL_CONVERSION = YES;
				CLANG_WARN_COMMA = YES;
				CLANG_WARN_CONSTANT_CONVERSION = YES;
				CLANG_WARN_DEPRECATED_OBJC_IMPLEMENTATIONS = YES;
				CLANG_WARN_DIRECT_OBJC_ISA_USAGE = YES_ERROR;
				CLANG_WARN_DOCUMENTATION_COMMENTS = YES;
				CLANG_WARN_EMPTY_BODY = YES;
				CLANG_WARN_ENUM_CONVERSION = YES;
				CLANG_WARN_INFINITE_RECURSION = YES;
				CLANG_WARN_INT_CONVERSION = YES;
				CLANG_WARN_NON_LITERAL_NULL_CONVERSION = YES;
				CLANG_WARN_OBJC_IMPLICIT_RETAIN_SELF = YES;
				CLANG_WARN_OBJC_LITERAL_CONVERSION = YES;
				CLANG_WARN_OBJC_ROOT_CLASS = YES_ERROR;
				CLANG_WARN_QUOTED_INCLUDE_IN_FRAMEWORK_HEADER = YES;
				CLANG_WARN_RANGE_LOOP_ANALYSIS = YES;
				CLANG_WARN_STRICT_PROTOTYPES = YES;
				CLANG_WARN_SUSPICIOUS_MOVE = YES;
				CLANG_WARN_UNGUARDED_AVAILABILITY = YES_AGGRESSIVE;
				CLANG_WARN_UNREACHABLE_CODE = YES;
				CLANG_WARN__DUPLICATE_METHOD_MATCH = YES;
				COPY_PHASE_STRIP = NO;
				DEAD_CODE_STRIPPING = YES;
				DEBUG_INFORMATION_FORMAT = dwarf;
				DEVELOPMENT_TEAM = ZX793TWQF2;
				ENABLE_STRICT_OBJC_MSGSEND = YES;
				ENABLE_TESTABILITY = YES;
				ENABLE_USER_SCRIPT_SANDBOXING = YES;
				GCC_C_LANGUAGE_STANDARD = gnu11;
				GCC_DYNAMIC_NO_PIC = NO;
				GCC_NO_COMMON_BLOCKS = YES;
				GCC_OPTIMIZATION_LEVEL = 0;
				GCC_PREPROCESSOR_DEFINITIONS = (
					"DEBUG=1",
					"$(inherited)",
				);
				GCC_WARN_64_TO_32_BIT_CONVERSION = YES;
				GCC_WARN_ABOUT_RETURN_TYPE = YES_ERROR;
				GCC_WARN_UNDECLARED_SELECTOR = YES;
				GCC_WARN_UNINITIALIZED_AUTOS = YES_AGGRESSIVE;
				GCC_WARN_UNUSED_FUNCTION = YES;
				GCC_WARN_UNUSED_VARIABLE = YES;
				MACOSX_DEPLOYMENT_TARGET = 10.15;
				MTL_ENABLE_DEBUG_INFO = INCLUDE_SOURCE;
				MTL_FAST_MATH = YES;
				ONLY_ACTIVE_ARCH = YES;
				SDKROOT = macosx;
				STRING_CATALOG_GENERATE_SYMBOLS = YES;
				SWIFT_ACTIVE_COMPILATION_CONDITIONS = DEBUG;
				SWIFT_OPTIMIZATION_LEVEL = "-Onone";
			};
			name = Debug;
		};
		F4245F07270BA0A7000E728C /* Release */ = {
			isa = XCBuildConfiguration;
			buildSettings = {
				ALWAYS_SEARCH_USER_PATHS = NO;
				CLANG_ANALYZER_NONNULL = YES;
				CLANG_ANALYZER_NUMBER_OBJECT_CONVERSION = YES_AGGRESSIVE;
				CLANG_CXX_LANGUAGE_STANDARD = "gnu++14";
				CLANG_CXX_LIBRARY = "libc++";
				CLANG_ENABLE_MODULES = YES;
				CLANG_ENABLE_OBJC_ARC = YES;
				CLANG_ENABLE_OBJC_WEAK = YES;
				CLANG_WARN_BLOCK_CAPTURE_AUTORELEASING = YES;
				CLANG_WARN_BOOL_CONVERSION = YES;
				CLANG_WARN_COMMA = YES;
				CLANG_WARN_CONSTANT_CONVERSION = YES;
				CLANG_WARN_DEPRECATED_OBJC_IMPLEMENTATIONS = YES;
				CLANG_WARN_DIRECT_OBJC_ISA_USAGE = YES_ERROR;
				CLANG_WARN_DOCUMENTATION_COMMENTS = YES;
				CLANG_WARN_EMPTY_BODY = YES;
				CLANG_WARN_ENUM_CONVERSION = YES;
				CLANG_WARN_INFINITE_RECURSION = YES;
				CLANG_WARN_INT_CONVERSION = YES;
				CLANG_WARN_NON_LITERAL_NULL_CONVERSION = YES;
				CLANG_WARN_OBJC_IMPLICIT_RETAIN_SELF = YES;
				CLANG_WARN_OBJC_LITERAL_CONVERSION = YES;
				CLANG_WARN_OBJC_ROOT_CLASS = YES_ERROR;
				CLANG_WARN_QUOTED_INCLUDE_IN_FRAMEWORK_HEADER = YES;
				CLANG_WARN_RANGE_LOOP_ANALYSIS = YES;
				CLANG_WARN_STRICT_PROTOTYPES = YES;
				CLANG_WARN_SUSPICIOUS_MOVE = YES;
				CLANG_WARN_UNGUARDED_AVAILABILITY = YES_AGGRESSIVE;
				CLANG_WARN_UNREACHABLE_CODE = YES;
				CLANG_WARN__DUPLICATE_METHOD_MATCH = YES;
				COPY_PHASE_STRIP = NO;
				DEAD_CODE_STRIPPING = YES;
				DEBUG_INFORMATION_FORMAT = "dwarf-with-dsym";
				DEVELOPMENT_TEAM = ZX793TWQF2;
				ENABLE_NS_ASSERTIONS = NO;
				ENABLE_STRICT_OBJC_MSGSEND = YES;
				ENABLE_USER_SCRIPT_SANDBOXING = YES;
				GCC_C_LANGUAGE_STANDARD = gnu11;
				GCC_NO_COMMON_BLOCKS = YES;
				GCC_WARN_64_TO_32_BIT_CONVERSION = YES;
				GCC_WARN_ABOUT_RETURN_TYPE = YES_ERROR;
				GCC_WARN_UNDECLARED_SELECTOR = YES;
				GCC_WARN_UNINITIALIZED_AUTOS = YES_AGGRESSIVE;
				GCC_WARN_UNUSED_FUNCTION = YES;
				GCC_WARN_UNUSED_VARIABLE = YES;
				MACOSX_DEPLOYMENT_TARGET = 10.15;
				MTL_ENABLE_DEBUG_INFO = NO;
				MTL_FAST_MATH = YES;
				SDKROOT = macosx;
				STRING_CATALOG_GENERATE_SYMBOLS = YES;
				SWIFT_COMPILATION_MODE = wholemodule;
				SWIFT_OPTIMIZATION_LEVEL = "-O";
			};
			name = Release;
		};
		F4245F09270BA0A7000E728C /* Debug */ = {
			isa = XCBuildConfiguration;
			buildSettings = {
				CODE_SIGN_STYLE = Automatic;
				DEAD_CODE_STRIPPING = YES;
				ENABLE_HARDENED_RUNTIME = YES;
				MACOSX_DEPLOYMENT_TARGET = 26.0;
				PRODUCT_NAME = "$(TARGET_NAME)";
				SWIFT_VERSION = 5.0;
			};
			name = Debug;
		};
		F4245F0A270BA0A7000E728C /* Release */ = {
			isa = XCBuildConfiguration;
			buildSettings = {
				CODE_SIGN_STYLE = Automatic;
				DEAD_CODE_STRIPPING = YES;
				ENABLE_HARDENED_RUNTIME = YES;
				MACOSX_DEPLOYMENT_TARGET = 26.0;
				PRODUCT_NAME = "$(TARGET_NAME)";
				SWIFT_VERSION = 5.0;
			};
			name = Release;
		};
/* End XCBuildConfiguration section */

/* Begin XCConfigurationList section */
		F4245EFC270BA0A7000E728C /* Build configuration list for PBXProject "multipleP21ReadsSample" */ = {
			isa = XCConfigurationList;
			buildConfigurations = (
				F4245F06270BA0A7000E728C /* Debug */,
				F4245F07270BA0A7000E728C /* Release */,
			);
			defaultConfigurationIsVisible = 0;
			defaultConfigurationName = Release;
		};
		F4245F08270BA0A7000E728C /* Build configuration list for PBXNativeTarget "multipleP21ReadsSample" */ = {
			isa = XCConfigurationList;
			buildConfigurations = (
				F4245F09270BA0A7000E728C /* Debug */,
				F4245F0A270BA0A7000E728C /* Release */,
			);
			defaultConfigurationIsVisible = 0;
			defaultConfigurationName = Release;
		};
/* End XCConfigurationList section */

/* Begin XCRemoteSwiftPackageReference section */
		F4C5411D27367C9700B464DB /* XCRemoteSwiftPackageReference "SwiftSDAIcore" */ = {
			isa = XCRemoteSwiftPackageReference;
			repositoryURL = "https://github.com/tsun7170/SwiftSDAIcore.git";
			requirement = {
				kind = upToNextMajorVersion;
				minimumVersion = 2.0.0;
			};
		};
		F4C5412127367CAF00B464DB /* XCRemoteSwiftPackageReference "SwiftSDAIap242" */ = {
			isa = XCRemoteSwiftPackageReference;
			repositoryURL = "https://github.com/tsun7170/SwiftSDAIap242.git";
			requirement = {
				kind = upToNextMajorVersion;
				minimumVersion = 2.0.0;
			};
		};
		F4C5412527367CC700B464DB /* XCRemoteSwiftPackageReference "SwiftAP242PDMkit" */ = {
			isa = XCRemoteSwiftPackageReference;
			repositoryURL = "https://github.com/tsun7170/SwiftAP242PDMkit.git";
			requirement = {
				kind = upToNextMajorVersion;
				minimumVersion = 2.0.0;
			};
		};
/* End XCRemoteSwiftPackageReference section */

/* Begin XCSwiftPackageProductDependency section */
		F4C5411E27367C9700B464DB /* SwiftSDAIcore */ = {
			isa = XCSwiftPackageProductDependency;
			package = F4C5411D27367C9700B464DB /* XCRemoteSwiftPackageReference "SwiftSDAIcore" */;
			productName = SwiftSDAIcore;
		};
		F4C5412227367CAF00B464DB /* SwiftSDAIap242 */ = {
			isa = XCSwiftPackageProductDependency;
			package = F4C5412127367CAF00B464DB /* XCRemoteSwiftPackageReference "SwiftSDAIap242" */;
			productName = SwiftSDAIap242;
		};
		F4C5412627367CC700B464DB /* SwiftAP242PDMkit */ = {
			isa = XCSwiftPackageProductDependency;
			package = F4C5412527367CC700B464DB /* XCRemoteSwiftPackageReference "SwiftAP242PDMkit" */;
			productName = SwiftAP242PDMkit;
		};
/* End XCSwiftPackageProductDependency section */
	};
	rootObject = F4245EF9270BA0A7000E728C /* Project object */;
}
